// !$*UTF8*$!
{
	archiveVersion = 1;
	classes = {
	};
	objectVersion = 51;
	objects = {

/* Begin PBXBuildFile section */
		3210A3FC2576BCD900A58AC2 /* LeftMenuConfig.swift in Sources */ = {isa = PBXBuildFile; fileRef = 3210A3FB2576BCD900A58AC2 /* LeftMenuConfig.swift */; };
		325A3B4D2563132F00000C3E /* LeftMenuTableCell.swift in Sources */ = {isa = PBXBuildFile; fileRef = 325A3B4C2563132F00000C3E /* LeftMenuTableCell.swift */; };
		63A2253AA97F127A507E1D3E /* Pods_SongsBook.framework in Frameworks */ = {isa = PBXBuildFile; fileRef = DE1FDB664966DC5A59CB024D /* Pods_SongsBook.framework */; };
		A501397C2559E7E1006D54DB /* SongDisplay.storyboard in Resources */ = {isa = PBXBuildFile; fileRef = A501397B2559E7E1006D54DB /* SongDisplay.storyboard */; };
		A501397F2559F1BA006D54DB /* LeftMenuViewController.storyboard in Resources */ = {isa = PBXBuildFile; fileRef = A501397E2559F1BA006D54DB /* LeftMenuViewController.storyboard */; };
		A50139822559F300006D54DB /* AddSong.storyboard in Resources */ = {isa = PBXBuildFile; fileRef = A50139812559F300006D54DB /* AddSong.storyboard */; };
		A50E18A92540ACEC00FE6CE6 /* Measure.swift in Sources */ = {isa = PBXBuildFile; fileRef = A50E18A32540ACEC00FE6CE6 /* Measure.swift */; };
		A50E18AA2540ACEC00FE6CE6 /* Part.swift in Sources */ = {isa = PBXBuildFile; fileRef = A50E18A42540ACEC00FE6CE6 /* Part.swift */; };
		A50E18AB2540ACEC00FE6CE6 /* Section.swift in Sources */ = {isa = PBXBuildFile; fileRef = A50E18A52540ACEC00FE6CE6 /* Section.swift */; };
		A50E18AC2540ACEC00FE6CE6 /* Line.swift in Sources */ = {isa = PBXBuildFile; fileRef = A50E18A62540ACEC00FE6CE6 /* Line.swift */; };
		A50E18AD2540ACEC00FE6CE6 /* ChordPro.swift in Sources */ = {isa = PBXBuildFile; fileRef = A50E18A72540ACEC00FE6CE6 /* ChordPro.swift */; };
		A53EC0BA2536DC05004C3ECB /* SignInVC.swift in Sources */ = {isa = PBXBuildFile; fileRef = A53EC0B92536DC05004C3ECB /* SignInVC.swift */; };
		A53EC0BD2536E45C004C3ECB /* Utilities.swift in Sources */ = {isa = PBXBuildFile; fileRef = A53EC0BC2536E45C004C3ECB /* Utilities.swift */; };
		A53EC0BF2536F4AF004C3ECB /* GoogleService-Info.plist in Resources */ = {isa = PBXBuildFile; fileRef = A53EC0BE2536F4AF004C3ECB /* GoogleService-Info.plist */; };
		A5499D98254753BF002D0595 /* SongViewModel.swift in Sources */ = {isa = PBXBuildFile; fileRef = A5499D97254753BF002D0595 /* SongViewModel.swift */; };
		A57E2858256C66360068E97E /* Oceans.txt in Resources */ = {isa = PBXBuildFile; fileRef = A57E2857256C66350068E97E /* Oceans.txt */; };
		A57E285B256C665E0068E97E /* Indescribable.txt in Resources */ = {isa = PBXBuildFile; fileRef = A57E285A256C665E0068E97E /* Indescribable.txt */; };
		A5EE998E25362736009F0374 /* AppDelegate.swift in Sources */ = {isa = PBXBuildFile; fileRef = A5EE998D25362736009F0374 /* AppDelegate.swift */; };
		A5EE999025362736009F0374 /* SceneDelegate.swift in Sources */ = {isa = PBXBuildFile; fileRef = A5EE998F25362736009F0374 /* SceneDelegate.swift */; };
		A5EE99972536273B009F0374 /* Assets.xcassets in Resources */ = {isa = PBXBuildFile; fileRef = A5EE99962536273B009F0374 /* Assets.xcassets */; };
		A5EE99A2253628FD009F0374 /* Song.swift in Sources */ = {isa = PBXBuildFile; fileRef = A5EE99A1253628FD009F0374 /* Song.swift */; };
		A5EE99A42536292B009F0374 /* Model.swift in Sources */ = {isa = PBXBuildFile; fileRef = A5EE99A32536292B009F0374 /* Model.swift */; };
		A5EE99A625362979009F0374 /* LaunchScreen.storyboard in Resources */ = {isa = PBXBuildFile; fileRef = A5EE99A525362979009F0374 /* LaunchScreen.storyboard */; };
		A5EE99AA253629F6009F0374 /* SongsListVC.swift in Sources */ = {isa = PBXBuildFile; fileRef = A5EE99A8253629F6009F0374 /* SongsListVC.swift */; };
		A5EE99AB253629F6009F0374 /* SongCell.swift in Sources */ = {isa = PBXBuildFile; fileRef = A5EE99A9253629F6009F0374 /* SongCell.swift */; };
		A5EE99AD25362A08009F0374 /* LeftMenuViewController.swift in Sources */ = {isa = PBXBuildFile; fileRef = A5EE99AC25362A08009F0374 /* LeftMenuViewController.swift */; };
		A5EE99B025362A15009F0374 /* SongDisplayVC.swift in Sources */ = {isa = PBXBuildFile; fileRef = A5EE99AE25362A15009F0374 /* SongDisplayVC.swift */; };
		A5EE99B125362A15009F0374 /* AddSongVC.swift in Sources */ = {isa = PBXBuildFile; fileRef = A5EE99AF25362A15009F0374 /* AddSongVC.swift */; };
		A5EE99B325362A3E009F0374 /* SongsList.storyboard in Resources */ = {isa = PBXBuildFile; fileRef = A5EE99B225362A3E009F0374 /* SongsList.storyboard */; };
		A5EE99BC25362AA9009F0374 /* Playlist.storyboard in Resources */ = {isa = PBXBuildFile; fileRef = A5EE99B825362AA9009F0374 /* Playlist.storyboard */; };
		A5EE99BD25362AA9009F0374 /* PlaylistVC.swift in Sources */ = {isa = PBXBuildFile; fileRef = A5EE99B925362AA9009F0374 /* PlaylistVC.swift */; };
		A5EE99C02536305C009F0374 /* Main.storyboard in Resources */ = {isa = PBXBuildFile; fileRef = A5EE99BF2536305C009F0374 /* Main.storyboard */; };
		A5EE99C2253630BD009F0374 /* SignUpVC.swift in Sources */ = {isa = PBXBuildFile; fileRef = A5EE99C1253630BD009F0374 /* SignUpVC.swift */; };
		A5EE99C4253630CE009F0374 /* LoginVC.swift in Sources */ = {isa = PBXBuildFile; fileRef = A5EE99C3253630CE009F0374 /* LoginVC.swift */; };
		A5F378312538B9330078CA84 /* Constants.swift in Sources */ = {isa = PBXBuildFile; fileRef = A5F378302538B9330078CA84 /* Constants.swift */; };
/* End PBXBuildFile section */

/* Begin PBXFileReference section */
		3210A3FB2576BCD900A58AC2 /* LeftMenuConfig.swift */ = {isa = PBXFileReference; lastKnownFileType = sourcecode.swift; path = LeftMenuConfig.swift; sourceTree = "<group>"; };
		325A3B4C2563132F00000C3E /* LeftMenuTableCell.swift */ = {isa = PBXFileReference; lastKnownFileType = sourcecode.swift; path = LeftMenuTableCell.swift; sourceTree = "<group>"; };
		62C50E887C1D933FBC686990 /* Pods-SongsBook.release.xcconfig */ = {isa = PBXFileReference; includeInIndex = 1; lastKnownFileType = text.xcconfig; name = "Pods-SongsBook.release.xcconfig"; path = "Target Support Files/Pods-SongsBook/Pods-SongsBook.release.xcconfig"; sourceTree = "<group>"; };
		A501397B2559E7E1006D54DB /* SongDisplay.storyboard */ = {isa = PBXFileReference; lastKnownFileType = file.storyboard; path = SongDisplay.storyboard; sourceTree = "<group>"; };
		A501397E2559F1BA006D54DB /* LeftMenuViewController.storyboard */ = {isa = PBXFileReference; lastKnownFileType = file.storyboard; path = LeftMenuViewController.storyboard; sourceTree = "<group>"; };
		A50139812559F300006D54DB /* AddSong.storyboard */ = {isa = PBXFileReference; lastKnownFileType = file.storyboard; path = AddSong.storyboard; sourceTree = "<group>"; };
		A50E18A32540ACEC00FE6CE6 /* Measure.swift */ = {isa = PBXFileReference; fileEncoding = 4; lastKnownFileType = sourcecode.swift; path = Measure.swift; sourceTree = "<group>"; };
		A50E18A42540ACEC00FE6CE6 /* Part.swift */ = {isa = PBXFileReference; fileEncoding = 4; lastKnownFileType = sourcecode.swift; path = Part.swift; sourceTree = "<group>"; };
		A50E18A52540ACEC00FE6CE6 /* Section.swift */ = {isa = PBXFileReference; fileEncoding = 4; lastKnownFileType = sourcecode.swift; path = Section.swift; sourceTree = "<group>"; };
		A50E18A62540ACEC00FE6CE6 /* Line.swift */ = {isa = PBXFileReference; fileEncoding = 4; lastKnownFileType = sourcecode.swift; path = Line.swift; sourceTree = "<group>"; };
		A50E18A72540ACEC00FE6CE6 /* ChordPro.swift */ = {isa = PBXFileReference; fileEncoding = 4; lastKnownFileType = sourcecode.swift; path = ChordPro.swift; sourceTree = "<group>"; };
		A53EC0B92536DC05004C3ECB /* SignInVC.swift */ = {isa = PBXFileReference; lastKnownFileType = sourcecode.swift; path = SignInVC.swift; sourceTree = "<group>"; };
		A53EC0BC2536E45C004C3ECB /* Utilities.swift */ = {isa = PBXFileReference; lastKnownFileType = sourcecode.swift; path = Utilities.swift; sourceTree = "<group>"; };
		A53EC0BE2536F4AF004C3ECB /* GoogleService-Info.plist */ = {isa = PBXFileReference; fileEncoding = 4; lastKnownFileType = text.plist.xml; path = "GoogleService-Info.plist"; sourceTree = "<group>"; };
		A5499D97254753BF002D0595 /* SongViewModel.swift */ = {isa = PBXFileReference; lastKnownFileType = sourcecode.swift; path = SongViewModel.swift; sourceTree = "<group>"; };
		A57E2857256C66350068E97E /* Oceans.txt */ = {isa = PBXFileReference; fileEncoding = 4; lastKnownFileType = text; path = Oceans.txt; sourceTree = "<group>"; };
		A57E285A256C665E0068E97E /* Indescribable.txt */ = {isa = PBXFileReference; fileEncoding = 4; lastKnownFileType = text; path = Indescribable.txt; sourceTree = "<group>"; };
		A5EE998A25362736009F0374 /* SongsBook.app */ = {isa = PBXFileReference; explicitFileType = wrapper.application; includeInIndex = 0; path = SongsBook.app; sourceTree = BUILT_PRODUCTS_DIR; };
		A5EE998D25362736009F0374 /* AppDelegate.swift */ = {isa = PBXFileReference; lastKnownFileType = sourcecode.swift; path = AppDelegate.swift; sourceTree = "<group>"; };
		A5EE998F25362736009F0374 /* SceneDelegate.swift */ = {isa = PBXFileReference; lastKnownFileType = sourcecode.swift; path = SceneDelegate.swift; sourceTree = "<group>"; };
		A5EE99962536273B009F0374 /* Assets.xcassets */ = {isa = PBXFileReference; lastKnownFileType = folder.assetcatalog; path = Assets.xcassets; sourceTree = "<group>"; };
		A5EE999B2536273B009F0374 /* Info.plist */ = {isa = PBXFileReference; lastKnownFileType = text.plist.xml; path = Info.plist; sourceTree = "<group>"; };
		A5EE99A1253628FD009F0374 /* Song.swift */ = {isa = PBXFileReference; lastKnownFileType = sourcecode.swift; path = Song.swift; sourceTree = "<group>"; };
		A5EE99A32536292B009F0374 /* Model.swift */ = {isa = PBXFileReference; lastKnownFileType = sourcecode.swift; path = Model.swift; sourceTree = "<group>"; };
		A5EE99A525362979009F0374 /* LaunchScreen.storyboard */ = {isa = PBXFileReference; fileEncoding = 4; lastKnownFileType = file.storyboard; path = LaunchScreen.storyboard; sourceTree = "<group>"; };
		A5EE99A8253629F6009F0374 /* SongsListVC.swift */ = {isa = PBXFileReference; fileEncoding = 4; lastKnownFileType = sourcecode.swift; path = SongsListVC.swift; sourceTree = "<group>"; };
		A5EE99A9253629F6009F0374 /* SongCell.swift */ = {isa = PBXFileReference; fileEncoding = 4; lastKnownFileType = sourcecode.swift; path = SongCell.swift; sourceTree = "<group>"; };
		A5EE99AC25362A08009F0374 /* LeftMenuViewController.swift */ = {isa = PBXFileReference; fileEncoding = 4; lastKnownFileType = sourcecode.swift; path = LeftMenuViewController.swift; sourceTree = "<group>"; };
		A5EE99AE25362A15009F0374 /* SongDisplayVC.swift */ = {isa = PBXFileReference; fileEncoding = 4; lastKnownFileType = sourcecode.swift; path = SongDisplayVC.swift; sourceTree = "<group>"; };
		A5EE99AF25362A15009F0374 /* AddSongVC.swift */ = {isa = PBXFileReference; fileEncoding = 4; lastKnownFileType = sourcecode.swift; path = AddSongVC.swift; sourceTree = "<group>"; };
		A5EE99B225362A3E009F0374 /* SongsList.storyboard */ = {isa = PBXFileReference; fileEncoding = 4; lastKnownFileType = file.storyboard; path = SongsList.storyboard; sourceTree = "<group>"; };
		A5EE99B825362AA9009F0374 /* Playlist.storyboard */ = {isa = PBXFileReference; fileEncoding = 4; lastKnownFileType = file.storyboard; path = Playlist.storyboard; sourceTree = "<group>"; };
		A5EE99B925362AA9009F0374 /* PlaylistVC.swift */ = {isa = PBXFileReference; fileEncoding = 4; lastKnownFileType = sourcecode.swift; path = PlaylistVC.swift; sourceTree = "<group>"; };
		A5EE99BF2536305C009F0374 /* Main.storyboard */ = {isa = PBXFileReference; lastKnownFileType = file.storyboard; path = Main.storyboard; sourceTree = "<group>"; };
		A5EE99C1253630BD009F0374 /* SignUpVC.swift */ = {isa = PBXFileReference; lastKnownFileType = sourcecode.swift; path = SignUpVC.swift; sourceTree = "<group>"; };
		A5EE99C3253630CE009F0374 /* LoginVC.swift */ = {isa = PBXFileReference; lastKnownFileType = sourcecode.swift; path = LoginVC.swift; sourceTree = "<group>"; };
		A5F378302538B9330078CA84 /* Constants.swift */ = {isa = PBXFileReference; lastKnownFileType = sourcecode.swift; path = Constants.swift; sourceTree = "<group>"; };
		D23D905EACD83665656D5CE6 /* Pods-SongsBook.debug.xcconfig */ = {isa = PBXFileReference; includeInIndex = 1; lastKnownFileType = text.xcconfig; name = "Pods-SongsBook.debug.xcconfig"; path = "Target Support Files/Pods-SongsBook/Pods-SongsBook.debug.xcconfig"; sourceTree = "<group>"; };
		DE1FDB664966DC5A59CB024D /* Pods_SongsBook.framework */ = {isa = PBXFileReference; explicitFileType = wrapper.framework; includeInIndex = 0; path = Pods_SongsBook.framework; sourceTree = BUILT_PRODUCTS_DIR; };
/* End PBXFileReference section */

/* Begin PBXFrameworksBuildPhase section */
		A5EE998725362736009F0374 /* Frameworks */ = {
			isa = PBXFrameworksBuildPhase;
			buildActionMask = 2147483647;
			files = (
				63A2253AA97F127A507E1D3E /* Pods_SongsBook.framework in Frameworks */,
			);
			runOnlyForDeploymentPostprocessing = 0;
		};
/* End PBXFrameworksBuildPhase section */

/* Begin PBXGroup section */
		A501397D2559E7F1006D54DB /* SongDisplay */ = {
			isa = PBXGroup;
			children = (
				A5EE99AE25362A15009F0374 /* SongDisplayVC.swift */,
				A501397B2559E7E1006D54DB /* SongDisplay.storyboard */,
			);
			path = SongDisplay;
			sourceTree = "<group>";
		};
		A50139802559F1E0006D54DB /* LeftMenu */ = {
			isa = PBXGroup;
			children = (
				A501397E2559F1BA006D54DB /* LeftMenuViewController.storyboard */,
				A5EE99AC25362A08009F0374 /* LeftMenuViewController.swift */,
				325A3B4C2563132F00000C3E /* LeftMenuTableCell.swift */,
				3210A3FB2576BCD900A58AC2 /* LeftMenuConfig.swift */,
			);
			path = LeftMenu;
			sourceTree = "<group>";
		};
		A50139832559F306006D54DB /* AddSong */ = {
			isa = PBXGroup;
			children = (
				A5EE99AF25362A15009F0374 /* AddSongVC.swift */,
				A50139812559F300006D54DB /* AddSong.storyboard */,
			);
			path = AddSong;
			sourceTree = "<group>";
		};
		A50E18A12540ACEC00FE6CE6 /* ChordPro */ = {
			isa = PBXGroup;
			children = (
				A5EE99A1253628FD009F0374 /* Song.swift */,
				A50E18A32540ACEC00FE6CE6 /* Measure.swift */,
				A50E18A42540ACEC00FE6CE6 /* Part.swift */,
				A50E18A52540ACEC00FE6CE6 /* Section.swift */,
				A50E18A62540ACEC00FE6CE6 /* Line.swift */,
				A50E18A72540ACEC00FE6CE6 /* ChordPro.swift */,
			);
			path = ChordPro;
			sourceTree = "<group>";
		};
		A53EC0BB2536E448004C3ECB /* Helpers */ = {
			isa = PBXGroup;
			children = (
				A53EC0BC2536E45C004C3ECB /* Utilities.swift */,
				A5F378302538B9330078CA84 /* Constants.swift */,
			);
			path = Helpers;
			sourceTree = "<group>";
		};
		A5499D99254753CA002D0595 /* ViewModels */ = {
			isa = PBXGroup;
			children = (
				A5499D97254753BF002D0595 /* SongViewModel.swift */,
			);
			path = ViewModels;
			sourceTree = "<group>";
		};
		A5EE998125362736009F0374 = {
			isa = PBXGroup;
			children = (
				A5EE998C25362736009F0374 /* SongsBook */,
				A5EE998B25362736009F0374 /* Products */,
				BF2B096FD54883306D623DC6 /* Pods */,
				C7949C4BB7AB37AD14326031 /* Frameworks */,
			);
			sourceTree = "<group>";
		};
		A5EE998B25362736009F0374 /* Products */ = {
			isa = PBXGroup;
			children = (
				A5EE998A25362736009F0374 /* SongsBook.app */,
			);
			name = Products;
			sourceTree = "<group>";
		};
		A5EE998C25362736009F0374 /* SongsBook */ = {
			isa = PBXGroup;
			children = (
				A5EE998D25362736009F0374 /* AppDelegate.swift */,
				A5EE998F25362736009F0374 /* SceneDelegate.swift */,
				A5EE99A32536292B009F0374 /* Model.swift */,
				A5499D99254753CA002D0595 /* ViewModels */,
				A50E18A12540ACEC00FE6CE6 /* ChordPro */,
				A53EC0BB2536E448004C3ECB /* Helpers */,
				A50139802559F1E0006D54DB /* LeftMenu */,
				A5EE99B725362AA9009F0374 /* Playlist */,
				A501397D2559E7F1006D54DB /* SongDisplay */,
				A50139832559F306006D54DB /* AddSong */,
				A5EE99A7253629F6009F0374 /* SongList */,
				A5EE99BE25363017009F0374 /* Login */,
				A5EE99962536273B009F0374 /* Assets.xcassets */,
				A5EE99A525362979009F0374 /* LaunchScreen.storyboard */,
				A5EE999B2536273B009F0374 /* Info.plist */,
				A53EC0BE2536F4AF004C3ECB /* GoogleService-Info.plist */,
				A57E2857256C66350068E97E /* Oceans.txt */,
				A57E285A256C665E0068E97E /* Indescribable.txt */,
			);
			path = SongsBook;
			sourceTree = "<group>";
		};
		A5EE99A7253629F6009F0374 /* SongList */ = {
			isa = PBXGroup;
			children = (
				A5EE99A8253629F6009F0374 /* SongsListVC.swift */,
				A5EE99B225362A3E009F0374 /* SongsList.storyboard */,
				A5EE99A9253629F6009F0374 /* SongCell.swift */,
			);
			path = SongList;
			sourceTree = "<group>";
		};
		A5EE99B725362AA9009F0374 /* Playlist */ = {
			isa = PBXGroup;
			children = (
				A5EE99B825362AA9009F0374 /* Playlist.storyboard */,
				A5EE99B925362AA9009F0374 /* PlaylistVC.swift */,
			);
			path = Playlist;
			sourceTree = "<group>";
		};
		A5EE99BE25363017009F0374 /* Login */ = {
			isa = PBXGroup;
			children = (
				A53EC0B92536DC05004C3ECB /* SignInVC.swift */,
				A5EE99C1253630BD009F0374 /* SignUpVC.swift */,
				A5EE99C3253630CE009F0374 /* LoginVC.swift */,
				A5EE99BF2536305C009F0374 /* Main.storyboard */,
			);
			path = Login;
			sourceTree = "<group>";
		};
		BF2B096FD54883306D623DC6 /* Pods */ = {
			isa = PBXGroup;
			children = (
				D23D905EACD83665656D5CE6 /* Pods-SongsBook.debug.xcconfig */,
				62C50E887C1D933FBC686990 /* Pods-SongsBook.release.xcconfig */,
			);
			path = Pods;
			sourceTree = "<group>";
		};
		C7949C4BB7AB37AD14326031 /* Frameworks */ = {
			isa = PBXGroup;
			children = (
				DE1FDB664966DC5A59CB024D /* Pods_SongsBook.framework */,
			);
			name = Frameworks;
			sourceTree = "<group>";
		};
/* End PBXGroup section */

/* Begin PBXNativeTarget section */
		A5EE998925362736009F0374 /* SongsBook */ = {
			isa = PBXNativeTarget;
			buildConfigurationList = A5EE999E2536273B009F0374 /* Build configuration list for PBXNativeTarget "SongsBook" */;
			buildPhases = (
				3F5D88F9D01361818CC4BC51 /* [CP] Check Pods Manifest.lock */,
				A5EE998625362736009F0374 /* Sources */,
				A5EE998725362736009F0374 /* Frameworks */,
				A5EE998825362736009F0374 /* Resources */,
				53491E12D85BD2E5F5124FBA /* [CP] Embed Pods Frameworks */,
			);
			buildRules = (
			);
			dependencies = (
			);
			name = SongsBook;
			productName = SongsBook;
			productReference = A5EE998A25362736009F0374 /* SongsBook.app */;
			productType = "com.apple.product-type.application";
		};
/* End PBXNativeTarget section */

/* Begin PBXProject section */
		A5EE998225362736009F0374 /* Project object */ = {
			isa = PBXProject;
			attributes = {
				LastSwiftUpdateCheck = 1170;
				LastUpgradeCheck = 1170;
				ORGANIZATIONNAME = DanielYarmak;
				TargetAttributes = {
					A5EE998925362736009F0374 = {
						CreatedOnToolsVersion = 11.7;
					};
				};
			};
			buildConfigurationList = A5EE998525362736009F0374 /* Build configuration list for PBXProject "SongsBook" */;
			compatibilityVersion = "Xcode 9.3";
			developmentRegion = en;
			hasScannedForEncodings = 0;
			knownRegions = (
				en,
				Base,
			);
			mainGroup = A5EE998125362736009F0374;
			productRefGroup = A5EE998B25362736009F0374 /* Products */;
			projectDirPath = "";
			projectRoot = "";
			targets = (
				A5EE998925362736009F0374 /* SongsBook */,
			);
		};
/* End PBXProject section */

/* Begin PBXResourcesBuildPhase section */
		A5EE998825362736009F0374 /* Resources */ = {
			isa = PBXResourcesBuildPhase;
			buildActionMask = 2147483647;
			files = (
				A5EE99BC25362AA9009F0374 /* Playlist.storyboard in Resources */,
				A5EE99A625362979009F0374 /* LaunchScreen.storyboard in Resources */,
				A501397F2559F1BA006D54DB /* LeftMenuViewController.storyboard in Resources */,
				A5EE99C02536305C009F0374 /* Main.storyboard in Resources */,
				A57E285B256C665E0068E97E /* Indescribable.txt in Resources */,
				A5EE99972536273B009F0374 /* Assets.xcassets in Resources */,
				A50139822559F300006D54DB /* AddSong.storyboard in Resources */,
				A501397C2559E7E1006D54DB /* SongDisplay.storyboard in Resources */,
				A57E2858256C66360068E97E /* Oceans.txt in Resources */,
				A5EE99B325362A3E009F0374 /* SongsList.storyboard in Resources */,
				A53EC0BF2536F4AF004C3ECB /* GoogleService-Info.plist in Resources */,
			);
			runOnlyForDeploymentPostprocessing = 0;
		};
/* End PBXResourcesBuildPhase section */

/* Begin PBXShellScriptBuildPhase section */
		3F5D88F9D01361818CC4BC51 /* [CP] Check Pods Manifest.lock */ = {
			isa = PBXShellScriptBuildPhase;
			buildActionMask = 2147483647;
			files = (
			);
			inputFileListPaths = (
			);
			inputPaths = (
				"${PODS_PODFILE_DIR_PATH}/Podfile.lock",
				"${PODS_ROOT}/Manifest.lock",
			);
			name = "[CP] Check Pods Manifest.lock";
			outputFileListPaths = (
			);
			outputPaths = (
				"$(DERIVED_FILE_DIR)/Pods-SongsBook-checkManifestLockResult.txt",
			);
			runOnlyForDeploymentPostprocessing = 0;
			shellPath = /bin/sh;
			shellScript = "diff \"${PODS_PODFILE_DIR_PATH}/Podfile.lock\" \"${PODS_ROOT}/Manifest.lock\" > /dev/null\nif [ $? != 0 ] ; then\n    # print error to STDERR\n    echo \"error: The sandbox is not in sync with the Podfile.lock. Run 'pod install' or update your CocoaPods installation.\" >&2\n    exit 1\nfi\n# This output is used by Xcode 'outputs' to avoid re-running this script phase.\necho \"SUCCESS\" > \"${SCRIPT_OUTPUT_FILE_0}\"\n";
			showEnvVarsInLog = 0;
		};
		53491E12D85BD2E5F5124FBA /* [CP] Embed Pods Frameworks */ = {
			isa = PBXShellScriptBuildPhase;
			buildActionMask = 2147483647;
			files = (
			);
			inputFileListPaths = (
				"${PODS_ROOT}/Target Support Files/Pods-SongsBook/Pods-SongsBook-frameworks-${CONFIGURATION}-input-files.xcfilelist",
			);
			name = "[CP] Embed Pods Frameworks";
			outputFileListPaths = (
				"${PODS_ROOT}/Target Support Files/Pods-SongsBook/Pods-SongsBook-frameworks-${CONFIGURATION}-output-files.xcfilelist",
			);
			runOnlyForDeploymentPostprocessing = 0;
			shellPath = /bin/sh;
			shellScript = "\"${PODS_ROOT}/Target Support Files/Pods-SongsBook/Pods-SongsBook-frameworks.sh\"\n";
			showEnvVarsInLog = 0;
		};
/* End PBXShellScriptBuildPhase section */

/* Begin PBXSourcesBuildPhase section */
		A5EE998625362736009F0374 /* Sources */ = {
			isa = PBXSourcesBuildPhase;
			buildActionMask = 2147483647;
			files = (
				A5EE99A42536292B009F0374 /* Model.swift in Sources */,
				A50E18A92540ACEC00FE6CE6 /* Measure.swift in Sources */,
				A5EE99AA253629F6009F0374 /* SongsListVC.swift in Sources */,
				A53EC0BD2536E45C004C3ECB /* Utilities.swift in Sources */,
				A5499D98254753BF002D0595 /* SongViewModel.swift in Sources */,
				A50E18AB2540ACEC00FE6CE6 /* Section.swift in Sources */,
				A50E18AD2540ACEC00FE6CE6 /* ChordPro.swift in Sources */,
				A5EE99A2253628FD009F0374 /* Song.swift in Sources */,
				A53EC0BA2536DC05004C3ECB /* SignInVC.swift in Sources */,
				3210A3FC2576BCD900A58AC2 /* LeftMenuConfig.swift in Sources */,
				A5EE99C2253630BD009F0374 /* SignUpVC.swift in Sources */,
				A5F378312538B9330078CA84 /* Constants.swift in Sources */,
				A5EE99AB253629F6009F0374 /* SongCell.swift in Sources */,
				A5EE99B025362A15009F0374 /* SongDisplayVC.swift in Sources */,
				A50E18AC2540ACEC00FE6CE6 /* Line.swift in Sources */,
				A5EE99AD25362A08009F0374 /* LeftMenuViewController.swift in Sources */,
				A5EE998E25362736009F0374 /* AppDelegate.swift in Sources */,
				A5EE99C4253630CE009F0374 /* LoginVC.swift in Sources */,
				A50E18AA2540ACEC00FE6CE6 /* Part.swift in Sources */,
				325A3B4D2563132F00000C3E /* LeftMenuTableCell.swift in Sources */,
				A5EE999025362736009F0374 /* SceneDelegate.swift in Sources */,
				A5EE99B125362A15009F0374 /* AddSongVC.swift in Sources */,
				A5EE99BD25362AA9009F0374 /* PlaylistVC.swift in Sources */,
			);
			runOnlyForDeploymentPostprocessing = 0;
		};
/* End PBXSourcesBuildPhase section */

/* Begin XCBuildConfiguration section */
		A5EE999C2536273B009F0374 /* Debug */ = {
			isa = XCBuildConfiguration;
			buildSettings = {
				ALWAYS_SEARCH_USER_PATHS = NO;
				CLANG_ANALYZER_NONNULL = YES;
				CLANG_ANALYZER_NUMBER_OBJECT_CONVERSION = YES_AGGRESSIVE;
				CLANG_CXX_LANGUAGE_STANDARD = "gnu++14";
				CLANG_CXX_LIBRARY = "libc++";
				CLANG_ENABLE_MODULES = YES;
				CLANG_ENABLE_OBJC_ARC = YES;
				CLANG_ENABLE_OBJC_WEAK = YES;
				CLANG_WARN_BLOCK_CAPTURE_AUTORELEASING = YES;
				CLANG_WARN_BOOL_CONVERSION = YES;
				CLANG_WARN_COMMA = YES;
				CLANG_WARN_CONSTANT_CONVERSION = YES;
				CLANG_WARN_DEPRECATED_OBJC_IMPLEMENTATIONS = YES;
				CLANG_WARN_DIRECT_OBJC_ISA_USAGE = YES_ERROR;
				CLANG_WARN_DOCUMENTATION_COMMENTS = YES;
				CLANG_WARN_EMPTY_BODY = YES;
				CLANG_WARN_ENUM_CONVERSION = YES;
				CLANG_WARN_INFINITE_RECURSION = YES;
				CLANG_WARN_INT_CONVERSION = YES;
				CLANG_WARN_NON_LITERAL_NULL_CONVERSION = YES;
				CLANG_WARN_OBJC_IMPLICIT_RETAIN_SELF = YES;
				CLANG_WARN_OBJC_LITERAL_CONVERSION = YES;
				CLANG_WARN_OBJC_ROOT_CLASS = YES_ERROR;
				CLANG_WARN_RANGE_LOOP_ANALYSIS = YES;
				CLANG_WARN_STRICT_PROTOTYPES = YES;
				CLANG_WARN_SUSPICIOUS_MOVE = YES;
				CLANG_WARN_UNGUARDED_AVAILABILITY = YES_AGGRESSIVE;
				CLANG_WARN_UNREACHABLE_CODE = YES;
				CLANG_WARN__DUPLICATE_METHOD_MATCH = YES;
				COPY_PHASE_STRIP = NO;
				DEBUG_INFORMATION_FORMAT = dwarf;
				ENABLE_STRICT_OBJC_MSGSEND = YES;
				ENABLE_TESTABILITY = YES;
				GCC_C_LANGUAGE_STANDARD = gnu11;
				GCC_DYNAMIC_NO_PIC = NO;
				GCC_NO_COMMON_BLOCKS = YES;
				GCC_OPTIMIZATION_LEVEL = 0;
				GCC_PREPROCESSOR_DEFINITIONS = (
					"DEBUG=1",
					"$(inherited)",
				);
				GCC_WARN_64_TO_32_BIT_CONVERSION = YES;
				GCC_WARN_ABOUT_RETURN_TYPE = YES_ERROR;
				GCC_WARN_UNDECLARED_SELECTOR = YES;
				GCC_WARN_UNINITIALIZED_AUTOS = YES_AGGRESSIVE;
				GCC_WARN_UNUSED_FUNCTION = YES;
				GCC_WARN_UNUSED_VARIABLE = YES;
				IPHONEOS_DEPLOYMENT_TARGET = 13.0;
				MTL_ENABLE_DEBUG_INFO = INCLUDE_SOURCE;
				MTL_FAST_MATH = YES;
				ONLY_ACTIVE_ARCH = YES;
				SDKROOT = iphoneos;
				SWIFT_ACTIVE_COMPILATION_CONDITIONS = DEBUG;
				SWIFT_OPTIMIZATION_LEVEL = "-Onone";
				TARGETED_DEVICE_FAMILY = 2;
			};
			name = Debug;
		};
		A5EE999D2536273B009F0374 /* Release */ = {
			isa = XCBuildConfiguration;
			buildSettings = {
				ALWAYS_SEARCH_USER_PATHS = NO;
				CLANG_ANALYZER_NONNULL = YES;
				CLANG_ANALYZER_NUMBER_OBJECT_CONVERSION = YES_AGGRESSIVE;
				CLANG_CXX_LANGUAGE_STANDARD = "gnu++14";
				CLANG_CXX_LIBRARY = "libc++";
				CLANG_ENABLE_MODULES = YES;
				CLANG_ENABLE_OBJC_ARC = YES;
				CLANG_ENABLE_OBJC_WEAK = YES;
				CLANG_WARN_BLOCK_CAPTURE_AUTORELEASING = YES;
				CLANG_WARN_BOOL_CONVERSION = YES;
				CLANG_WARN_COMMA = YES;
				CLANG_WARN_CONSTANT_CONVERSION = YES;
				CLANG_WARN_DEPRECATED_OBJC_IMPLEMENTATIONS = YES;
				CLANG_WARN_DIRECT_OBJC_ISA_USAGE = YES_ERROR;
				CLANG_WARN_DOCUMENTATION_COMMENTS = YES;
				CLANG_WARN_EMPTY_BODY = YES;
				CLANG_WARN_ENUM_CONVERSION = YES;
				CLANG_WARN_INFINITE_RECURSION = YES;
				CLANG_WARN_INT_CONVERSION = YES;
				CLANG_WARN_NON_LITERAL_NULL_CONVERSION = YES;
				CLANG_WARN_OBJC_IMPLICIT_RETAIN_SELF = YES;
				CLANG_WARN_OBJC_LITERAL_CONVERSION = YES;
				CLANG_WARN_OBJC_ROOT_CLASS = YES_ERROR;
				CLANG_WARN_RANGE_LOOP_ANALYSIS = YES;
				CLANG_WARN_STRICT_PROTOTYPES = YES;
				CLANG_WARN_SUSPICIOUS_MOVE = YES;
				CLANG_WARN_UNGUARDED_AVAILABILITY = YES_AGGRESSIVE;
				CLANG_WARN_UNREACHABLE_CODE = YES;
				CLANG_WARN__DUPLICATE_METHOD_MATCH = YES;
				COPY_PHASE_STRIP = NO;
				DEBUG_INFORMATION_FORMAT = "dwarf-with-dsym";
				ENABLE_NS_ASSERTIONS = NO;
				ENABLE_STRICT_OBJC_MSGSEND = YES;
				GCC_C_LANGUAGE_STANDARD = gnu11;
				GCC_NO_COMMON_BLOCKS = YES;
				GCC_WARN_64_TO_32_BIT_CONVERSION = YES;
				GCC_WARN_ABOUT_RETURN_TYPE = YES_ERROR;
				GCC_WARN_UNDECLARED_SELECTOR = YES;
				GCC_WARN_UNINITIALIZED_AUTOS = YES_AGGRESSIVE;
				GCC_WARN_UNUSED_FUNCTION = YES;
				GCC_WARN_UNUSED_VARIABLE = YES;
				IPHONEOS_DEPLOYMENT_TARGET = 13.0;
				MTL_ENABLE_DEBUG_INFO = NO;
				MTL_FAST_MATH = YES;
				SDKROOT = iphoneos;
				SWIFT_COMPILATION_MODE = wholemodule;
				SWIFT_OPTIMIZATION_LEVEL = "-O";
				TARGETED_DEVICE_FAMILY = 2;
				VALIDATE_PRODUCT = YES;
			};
			name = Release;
		};
		A5EE999F2536273B009F0374 /* Debug */ = {
			isa = XCBuildConfiguration;
			baseConfigurationReference = D23D905EACD83665656D5CE6 /* Pods-SongsBook.debug.xcconfig */;
			buildSettings = {
				ASSETCATALOG_COMPILER_APPICON_NAME = AppIcon;
				CODE_SIGN_STYLE = Automatic;
				DEVELOPMENT_TEAM = MNV6RV9KSV;
				INFOPLIST_FILE = SongsBook/Info.plist;
				LD_RUNPATH_SEARCH_PATHS = (
					"$(inherited)",
					"@executable_path/Frameworks",
				);
				PRODUCT_BUNDLE_IDENTIFIER = com.danielyarmak.SongsBook;
				PRODUCT_NAME = "$(TARGET_NAME)";
				SWIFT_VERSION = 5.0;
				TARGETED_DEVICE_FAMILY = "1,2";
			};
			name = Debug;
		};
		A5EE99A02536273B009F0374 /* Release */ = {
			isa = XCBuildConfiguration;
			baseConfigurationReference = 62C50E887C1D933FBC686990 /* Pods-SongsBook.release.xcconfig */;
			buildSettings = {
				ASSETCATALOG_COMPILER_APPICON_NAME = AppIcon;
				CODE_SIGN_STYLE = Automatic;
				DEVELOPMENT_TEAM = MNV6RV9KSV;
				INFOPLIST_FILE = SongsBook/Info.plist;
				LD_RUNPATH_SEARCH_PATHS = (
					"$(inherited)",
					"@executable_path/Frameworks",
				);
				PRODUCT_BUNDLE_IDENTIFIER = com.danielyarmak.SongsBook;
				PRODUCT_NAME = "$(TARGET_NAME)";
				SWIFT_VERSION = 5.0;
				TARGETED_DEVICE_FAMILY = "1,2";
			};
			name = Release;
		};
/* End XCBuildConfiguration section */

/* Begin XCConfigurationList section */
		A5EE998525362736009F0374 /* Build configuration list for PBXProject "SongsBook" */ = {
			isa = XCConfigurationList;
			buildConfigurations = (
				A5EE999C2536273B009F0374 /* Debug */,
				A5EE999D2536273B009F0374 /* Release */,
			);
			defaultConfigurationIsVisible = 0;
			defaultConfigurationName = Release;
		};
		A5EE999E2536273B009F0374 /* Build configuration list for PBXNativeTarget "SongsBook" */ = {
			isa = XCConfigurationList;
			buildConfigurations = (
				A5EE999F2536273B009F0374 /* Debug */,
				A5EE99A02536273B009F0374 /* Release */,
			);
			defaultConfigurationIsVisible = 0;
			defaultConfigurationName = Release;
		};
/* End XCConfigurationList section */
	};
	rootObject = A5EE998225362736009F0374 /* Project object */;
}
